// !$*UTF8*$!
{
	archiveVersion = 1;
	classes = {
	};
	objectVersion = 46;
	objects = {

/* Begin PBXBuildFile section */
		7537F0571E8CA2E900197FC1 /* main.m in Sources */ = {isa = PBXBuildFile; fileRef = 7537F0561E8CA2E900197FC1 /* main.m */; };
		7537F05A1E8CA2E900197FC1 /* AppDelegate.m in Sources */ = {isa = PBXBuildFile; fileRef = 7537F0591E8CA2E900197FC1 /* AppDelegate.m */; };
		7537F05D1E8CA2E900197FC1 /* ViewController.m in Sources */ = {isa = PBXBuildFile; fileRef = 7537F05C1E8CA2E900197FC1 /* ViewController.m */; };
		7537F0601E8CA2E900197FC1 /* Main.storyboard in Resources */ = {isa = PBXBuildFile; fileRef = 7537F05E1E8CA2E900197FC1 /* Main.storyboard */; };
		7537F0621E8CA2E900197FC1 /* Assets.xcassets in Resources */ = {isa = PBXBuildFile; fileRef = 7537F0611E8CA2E900197FC1 /* Assets.xcassets */; };
		7537F0651E8CA2E900197FC1 /* LaunchScreen.storyboard in Resources */ = {isa = PBXBuildFile; fileRef = 7537F0631E8CA2E900197FC1 /* LaunchScreen.storyboard */; };
		7537F0701E8CA2E900197FC1 /* XWToolManagerDemoTests.m in Sources */ = {isa = PBXBuildFile; fileRef = 7537F06F1E8CA2E900197FC1 /* XWToolManagerDemoTests.m */; };
		7537F07B1E8CA2E900197FC1 /* XWToolManagerDemoUITests.m in Sources */ = {isa = PBXBuildFile; fileRef = 7537F07A1E8CA2E900197FC1 /* XWToolManagerDemoUITests.m */; };
		B63220F841E5A63E2EAC42F6 /* libPods-XWToolManagerDemo.a in Frameworks */ = {isa = PBXBuildFile; fileRef = 60D57B873F751885BEAE0976 /* libPods-XWToolManagerDemo.a */; };
/* End PBXBuildFile section */

/* Begin PBXContainerItemProxy section */
		7537F06C1E8CA2E900197FC1 /* PBXContainerItemProxy */ = {
			isa = PBXContainerItemProxy;
			containerPortal = 7537F04A1E8CA2E900197FC1 /* Project object */;
			proxyType = 1;
			remoteGlobalIDString = 7537F0511E8CA2E900197FC1;
			remoteInfo = XWToolManagerDemo;
		};
		7537F0771E8CA2E900197FC1 /* PBXContainerItemProxy */ = {
			isa = PBXContainerItemProxy;
			containerPortal = 7537F04A1E8CA2E900197FC1 /* Project object */;
			proxyType = 1;
			remoteGlobalIDString = 7537F0511E8CA2E900197FC1;
			remoteInfo = XWToolManagerDemo;
		};
/* End PBXContainerItemProxy section */

/* Begin PBXFileReference section */
		077A308928FE3CC2ABFF9FED /* Pods-XWToolManagerDemo.release.xcconfig */ = {isa = PBXFileReference; includeInIndex = 1; lastKnownFileType = text.xcconfig; name = "Pods-XWToolManagerDemo.release.xcconfig"; path = "Pods/Target Support Files/Pods-XWToolManagerDemo/Pods-XWToolManagerDemo.release.xcconfig"; sourceTree = "<group>"; };
		0F0C9970A4CFEDADC7B2374F /* Pods-XWToolManagerDemo.debug.xcconfig */ = {isa = PBXFileReference; includeInIndex = 1; lastKnownFileType = text.xcconfig; name = "Pods-XWToolManagerDemo.debug.xcconfig"; path = "Pods/Target Support Files/Pods-XWToolManagerDemo/Pods-XWToolManagerDemo.debug.xcconfig"; sourceTree = "<group>"; };
		60D57B873F751885BEAE0976 /* libPods-XWToolManagerDemo.a */ = {isa = PBXFileReference; explicitFileType = archive.ar; includeInIndex = 0; path = "libPods-XWToolManagerDemo.a"; sourceTree = BUILT_PRODUCTS_DIR; };
		7537F0521E8CA2E900197FC1 /* XWToolManagerDemo.app */ = {isa = PBXFileReference; explicitFileType = wrapper.application; includeInIndex = 0; path = XWToolManagerDemo.app; sourceTree = BUILT_PRODUCTS_DIR; };
		7537F0561E8CA2E900197FC1 /* main.m */ = {isa = PBXFileReference; lastKnownFileType = sourcecode.c.objc; path = main.m; sourceTree = "<group>"; };
		7537F0581E8CA2E900197FC1 /* AppDelegate.h */ = {isa = PBXFileReference; lastKnownFileType = sourcecode.c.h; path = AppDelegate.h; sourceTree = "<group>"; };
		7537F0591E8CA2E900197FC1 /* AppDelegate.m */ = {isa = PBXFileReference; lastKnownFileType = sourcecode.c.objc; path = AppDelegate.m; sourceTree = "<group>"; };
		7537F05B1E8CA2E900197FC1 /* ViewController.h */ = {isa = PBXFileReference; lastKnownFileType = sourcecode.c.h; path = ViewController.h; sourceTree = "<group>"; };
		7537F05C1E8CA2E900197FC1 /* ViewController.m */ = {isa = PBXFileReference; lastKnownFileType = sourcecode.c.objc; path = ViewController.m; sourceTree = "<group>"; };
		7537F05F1E8CA2E900197FC1 /* Base */ = {isa = PBXFileReference; lastKnownFileType = file.storyboard; name = Base; path = Base.lproj/Main.storyboard; sourceTree = "<group>"; };
		7537F0611E8CA2E900197FC1 /* Assets.xcassets */ = {isa = PBXFileReference; lastKnownFileType = folder.assetcatalog; path = Assets.xcassets; sourceTree = "<group>"; };
		7537F0641E8CA2E900197FC1 /* Base */ = {isa = PBXFileReference; lastKnownFileType = file.storyboard; name = Base; path = Base.lproj/LaunchScreen.storyboard; sourceTree = "<group>"; };
		7537F0661E8CA2E900197FC1 /* Info.plist */ = {isa = PBXFileReference; lastKnownFileType = text.plist.xml; path = Info.plist; sourceTree = "<group>"; };
		7537F06B1E8CA2E900197FC1 /* XWToolManagerDemoTests.xctest */ = {isa = PBXFileReference; explicitFileType = wrapper.cfbundle; includeInIndex = 0; path = XWToolManagerDemoTests.xctest; sourceTree = BUILT_PRODUCTS_DIR; };
		7537F06F1E8CA2E900197FC1 /* XWToolManagerDemoTests.m */ = {isa = PBXFileReference; lastKnownFileType = sourcecode.c.objc; path = XWToolManagerDemoTests.m; sourceTree = "<group>"; };
		7537F0711E8CA2E900197FC1 /* Info.plist */ = {isa = PBXFileReference; lastKnownFileType = text.plist.xml; path = Info.plist; sourceTree = "<group>"; };
		7537F0761E8CA2E900197FC1 /* XWToolManagerDemoUITests.xctest */ = {isa = PBXFileReference; explicitFileType = wrapper.cfbundle; includeInIndex = 0; path = XWToolManagerDemoUITests.xctest; sourceTree = BUILT_PRODUCTS_DIR; };
		7537F07A1E8CA2E900197FC1 /* XWToolManagerDemoUITests.m */ = {isa = PBXFileReference; lastKnownFileType = sourcecode.c.objc; path = XWToolManagerDemoUITests.m; sourceTree = "<group>"; };
		7537F07C1E8CA2E900197FC1 /* Info.plist */ = {isa = PBXFileReference; lastKnownFileType = text.plist.xml; path = Info.plist; sourceTree = "<group>"; };
/* End PBXFileReference section */

/* Begin PBXFrameworksBuildPhase section */
		7537F04F1E8CA2E900197FC1 /* Frameworks */ = {
			isa = PBXFrameworksBuildPhase;
			buildActionMask = 2147483647;
			files = (
				B63220F841E5A63E2EAC42F6 /* libPods-XWToolManagerDemo.a in Frameworks */,
			);
			runOnlyForDeploymentPostprocessing = 0;
		};
		7537F0681E8CA2E900197FC1 /* Frameworks */ = {
			isa = PBXFrameworksBuildPhase;
			buildActionMask = 2147483647;
			files = (
			);
			runOnlyForDeploymentPostprocessing = 0;
		};
		7537F0731E8CA2E900197FC1 /* Frameworks */ = {
			isa = PBXFrameworksBuildPhase;
			buildActionMask = 2147483647;
			files = (
			);
			runOnlyForDeploymentPostprocessing = 0;
		};
/* End PBXFrameworksBuildPhase section */

/* Begin PBXGroup section */
		7537F0491E8CA2E900197FC1 = {
			isa = PBXGroup;
			children = (
				7537F0541E8CA2E900197FC1 /* XWToolManagerDemo */,
				7537F06E1E8CA2E900197FC1 /* XWToolManagerDemoTests */,
				7537F0791E8CA2E900197FC1 /* XWToolManagerDemoUITests */,
				7537F0531E8CA2E900197FC1 /* Products */,
				7F594C4B8AC8F09AA7984F21 /* Pods */,
				F5D77D235897D3E482ADE95A /* Frameworks */,
			);
			sourceTree = "<group>";
		};
		7537F0531E8CA2E900197FC1 /* Products */ = {
			isa = PBXGroup;
			children = (
				7537F0521E8CA2E900197FC1 /* XWToolManagerDemo.app */,
				7537F06B1E8CA2E900197FC1 /* XWToolManagerDemoTests.xctest */,
				7537F0761E8CA2E900197FC1 /* XWToolManagerDemoUITests.xctest */,
			);
			name = Products;
			sourceTree = "<group>";
		};
		7537F0541E8CA2E900197FC1 /* XWToolManagerDemo */ = {
			isa = PBXGroup;
			children = (
				7537F0581E8CA2E900197FC1 /* AppDelegate.h */,
				7537F0591E8CA2E900197FC1 /* AppDelegate.m */,
				7537F05B1E8CA2E900197FC1 /* ViewController.h */,
				7537F05C1E8CA2E900197FC1 /* ViewController.m */,
				7537F05E1E8CA2E900197FC1 /* Main.storyboard */,
				7537F0611E8CA2E900197FC1 /* Assets.xcassets */,
				7537F0631E8CA2E900197FC1 /* LaunchScreen.storyboard */,
				7537F0661E8CA2E900197FC1 /* Info.plist */,
				7537F0551E8CA2E900197FC1 /* Supporting Files */,
			);
			path = XWToolManagerDemo;
			sourceTree = "<group>";
		};
		7537F0551E8CA2E900197FC1 /* Supporting Files */ = {
			isa = PBXGroup;
			children = (
				7537F0561E8CA2E900197FC1 /* main.m */,
			);
			name = "Supporting Files";
			sourceTree = "<group>";
		};
		7537F06E1E8CA2E900197FC1 /* XWToolManagerDemoTests */ = {
			isa = PBXGroup;
			children = (
				7537F06F1E8CA2E900197FC1 /* XWToolManagerDemoTests.m */,
				7537F0711E8CA2E900197FC1 /* Info.plist */,
			);
			path = XWToolManagerDemoTests;
			sourceTree = "<group>";
		};
		7537F0791E8CA2E900197FC1 /* XWToolManagerDemoUITests */ = {
			isa = PBXGroup;
			children = (
				7537F07A1E8CA2E900197FC1 /* XWToolManagerDemoUITests.m */,
				7537F07C1E8CA2E900197FC1 /* Info.plist */,
			);
			path = XWToolManagerDemoUITests;
			sourceTree = "<group>";
		};
		7F594C4B8AC8F09AA7984F21 /* Pods */ = {
			isa = PBXGroup;
			children = (
				0F0C9970A4CFEDADC7B2374F /* Pods-XWToolManagerDemo.debug.xcconfig */,
				077A308928FE3CC2ABFF9FED /* Pods-XWToolManagerDemo.release.xcconfig */,
			);
			name = Pods;
			sourceTree = "<group>";
		};
		F5D77D235897D3E482ADE95A /* Frameworks */ = {
			isa = PBXGroup;
			children = (
				60D57B873F751885BEAE0976 /* libPods-XWToolManagerDemo.a */,
			);
			name = Frameworks;
			sourceTree = "<group>";
		};
/* End PBXGroup section */

/* Begin PBXNativeTarget section */
		7537F0511E8CA2E900197FC1 /* XWToolManagerDemo */ = {
			isa = PBXNativeTarget;
			buildConfigurationList = 7537F07F1E8CA2E900197FC1 /* Build configuration list for PBXNativeTarget "XWToolManagerDemo" */;
			buildPhases = (
				B65454C8E6A414698D9A8BDF /* [CP] Check Pods Manifest.lock */,
				7537F04E1E8CA2E900197FC1 /* Sources */,
				7537F04F1E8CA2E900197FC1 /* Frameworks */,
				7537F0501E8CA2E900197FC1 /* Resources */,
				425E3D87C80D519EA19D1745 /* [CP] Embed Pods Frameworks */,
				D83083EB43069BB34318B1BD /* [CP] Copy Pods Resources */,
			);
			buildRules = (
			);
			dependencies = (
			);
			name = XWToolManagerDemo;
			productName = XWToolManagerDemo;
			productReference = 7537F0521E8CA2E900197FC1 /* XWToolManagerDemo.app */;
			productType = "com.apple.product-type.application";
		};
		7537F06A1E8CA2E900197FC1 /* XWToolManagerDemoTests */ = {
			isa = PBXNativeTarget;
			buildConfigurationList = 7537F0821E8CA2E900197FC1 /* Build configuration list for PBXNativeTarget "XWToolManagerDemoTests" */;
			buildPhases = (
				7537F0671E8CA2E900197FC1 /* Sources */,
				7537F0681E8CA2E900197FC1 /* Frameworks */,
				7537F0691E8CA2E900197FC1 /* Resources */,
			);
			buildRules = (
			);
			dependencies = (
				7537F06D1E8CA2E900197FC1 /* PBXTargetDependency */,
			);
			name = XWToolManagerDemoTests;
			productName = XWToolManagerDemoTests;
			productReference = 7537F06B1E8CA2E900197FC1 /* XWToolManagerDemoTests.xctest */;
			productType = "com.apple.product-type.bundle.unit-test";
		};
		7537F0751E8CA2E900197FC1 /* XWToolManagerDemoUITests */ = {
			isa = PBXNativeTarget;
			buildConfigurationList = 7537F0851E8CA2E900197FC1 /* Build configuration list for PBXNativeTarget "XWToolManagerDemoUITests" */;
			buildPhases = (
				7537F0721E8CA2E900197FC1 /* Sources */,
				7537F0731E8CA2E900197FC1 /* Frameworks */,
				7537F0741E8CA2E900197FC1 /* Resources */,
			);
			buildRules = (
			);
			dependencies = (
				7537F0781E8CA2E900197FC1 /* PBXTargetDependency */,
			);
			name = XWToolManagerDemoUITests;
			productName = XWToolManagerDemoUITests;
			productReference = 7537F0761E8CA2E900197FC1 /* XWToolManagerDemoUITests.xctest */;
			productType = "com.apple.product-type.bundle.ui-testing";
		};
/* End PBXNativeTarget section */

/* Begin PBXProject section */
		7537F04A1E8CA2E900197FC1 /* Project object */ = {
			isa = PBXProject;
			attributes = {
				LastUpgradeCheck = 0810;
				ORGANIZATIONNAME = wyy;
				TargetAttributes = {
					7537F0511E8CA2E900197FC1 = {
						CreatedOnToolsVersion = 8.1;
						DevelopmentTeam = 65Y8F76Y6Z;
						ProvisioningStyle = Automatic;
					};
					7537F06A1E8CA2E900197FC1 = {
						CreatedOnToolsVersion = 8.1;
						DevelopmentTeam = 65Y8F76Y6Z;
						ProvisioningStyle = Automatic;
						TestTargetID = 7537F0511E8CA2E900197FC1;
					};
					7537F0751E8CA2E900197FC1 = {
						CreatedOnToolsVersion = 8.1;
						DevelopmentTeam = 65Y8F76Y6Z;
						ProvisioningStyle = Automatic;
						TestTargetID = 7537F0511E8CA2E900197FC1;
					};
				};
			};
			buildConfigurationList = 7537F04D1E8CA2E900197FC1 /* Build configuration list for PBXProject "XWToolManagerDemo" */;
			compatibilityVersion = "Xcode 3.2";
			developmentRegion = English;
			hasScannedForEncodings = 0;
			knownRegions = (
				en,
				Base,
			);
			mainGroup = 7537F0491E8CA2E900197FC1;
			productRefGroup = 7537F0531E8CA2E900197FC1 /* Products */;
			projectDirPath = "";
			projectRoot = "";
			targets = (
				7537F0511E8CA2E900197FC1 /* XWToolManagerDemo */,
				7537F06A1E8CA2E900197FC1 /* XWToolManagerDemoTests */,
				7537F0751E8CA2E900197FC1 /* XWToolManagerDemoUITests */,
			);
		};
/* End PBXProject section */

/* Begin PBXResourcesBuildPhase section */
		7537F0501E8CA2E900197FC1 /* Resources */ = {
			isa = PBXResourcesBuildPhase;
			buildActionMask = 2147483647;
			files = (
				7537F0651E8CA2E900197FC1 /* LaunchScreen.storyboard in Resources */,
				7537F0621E8CA2E900197FC1 /* Assets.xcassets in Resources */,
				7537F0601E8CA2E900197FC1 /* Main.storyboard in Resources */,
			);
			runOnlyForDeploymentPostprocessing = 0;
		};
		7537F0691E8CA2E900197FC1 /* Resources */ = {
			isa = PBXResourcesBuildPhase;
			buildActionMask = 2147483647;
			files = (
			);
			runOnlyForDeploymentPostprocessing = 0;
		};
		7537F0741E8CA2E900197FC1 /* Resources */ = {
			isa = PBXResourcesBuildPhase;
			buildActionMask = 2147483647;
			files = (
			);
			runOnlyForDeploymentPostprocessing = 0;
		};
/* End PBXResourcesBuildPhase section */

/* Begin PBXShellScriptBuildPhase section */
		425E3D87C80D519EA19D1745 /* [CP] Embed Pods Frameworks */ = {
			isa = PBXShellScriptBuildPhase;
			buildActionMask = 2147483647;
			files = (
			);
			inputPaths = (
			);
			name = "[CP] Embed Pods Frameworks";
			outputPaths = (
			);
			runOnlyForDeploymentPostprocessing = 0;
			shellPath = /bin/sh;
			shellScript = "\"${SRCROOT}/Pods/Target Support Files/Pods-XWToolManagerDemo/Pods-XWToolManagerDemo-frameworks.sh\"\n";
			showEnvVarsInLog = 0;
		};
		B65454C8E6A414698D9A8BDF /* [CP] Check Pods Manifest.lock */ = {
			isa = PBXShellScriptBuildPhase;
			buildActionMask = 2147483647;
			files = (
			);
			inputPaths = (
			);
			name = "[CP] Check Pods Manifest.lock";
			outputPaths = (
			);
			runOnlyForDeploymentPostprocessing = 0;
			shellPath = /bin/sh;
			shellScript = "diff \"${PODS_ROOT}/../Podfile.lock\" \"${PODS_ROOT}/Manifest.lock\" > /dev/null\nif [ $? != 0 ] ; then\n    # print error to STDERR\n    echo \"error: The sandbox is not in sync with the Podfile.lock. Run 'pod install' or update your CocoaPods installation.\" >&2\n    exit 1\nfi\n";
			showEnvVarsInLog = 0;
		};
		D83083EB43069BB34318B1BD /* [CP] Copy Pods Resources */ = {
			isa = PBXShellScriptBuildPhase;
			buildActionMask = 2147483647;
			files = (
			);
			inputPaths = (
			);
			name = "[CP] Copy Pods Resources";
			outputPaths = (
			);
			runOnlyForDeploymentPostprocessing = 0;
			shellPath = /bin/sh;
			shellScript = "\"${SRCROOT}/Pods/Target Support Files/Pods-XWToolManagerDemo/Pods-XWToolManagerDemo-resources.sh\"\n";
			showEnvVarsInLog = 0;
		};
/* End PBXShellScriptBuildPhase section */

/* Begin PBXSourcesBuildPhase section */
		7537F04E1E8CA2E900197FC1 /* Sources */ = {
			isa = PBXSourcesBuildPhase;
			buildActionMask = 2147483647;
			files = (
				7537F05D1E8CA2E900197FC1 /* ViewController.m in Sources */,
				7537F05A1E8CA2E900197FC1 /* AppDelegate.m in Sources */,
				7537F0571E8CA2E900197FC1 /* main.m in Sources */,
			);
			runOnlyForDeploymentPostprocessing = 0;
		};
		7537F0671E8CA2E900197FC1 /* Sources */ = {
			isa = PBXSourcesBuildPhase;
			buildActionMask = 2147483647;
			files = (
				7537F0701E8CA2E900197FC1 /* XWToolManagerDemoTests.m in Sources */,
			);
			runOnlyForDeploymentPostprocessing = 0;
		};
		7537F0721E8CA2E900197FC1 /* Sources */ = {
			isa = PBXSourcesBuildPhase;
			buildActionMask = 2147483647;
			files = (
				7537F07B1E8CA2E900197FC1 /* XWToolManagerDemoUITests.m in Sources */,
			);
			runOnlyForDeploymentPostprocessing = 0;
		};
/* End PBXSourcesBuildPhase section */

/* Begin PBXTargetDependency section */
		7537F06D1E8CA2E900197FC1 /* PBXTargetDependency */ = {
			isa = PBXTargetDependency;
			target = 7537F0511E8CA2E900197FC1 /* XWToolManagerDemo */;
			targetProxy = 7537F06C1E8CA2E900197FC1 /* PBXContainerItemProxy */;
		};
		7537F0781E8CA2E900197FC1 /* PBXTargetDependency */ = {
			isa = PBXTargetDependency;
			target = 7537F0511E8CA2E900197FC1 /* XWToolManagerDemo */;
			targetProxy = 7537F0771E8CA2E900197FC1 /* PBXContainerItemProxy */;
		};
/* End PBXTargetDependency section */

/* Begin PBXVariantGroup section */
		7537F05E1E8CA2E900197FC1 /* Main.storyboard */ = {
			isa = PBXVariantGroup;
			children = (
				7537F05F1E8CA2E900197FC1 /* Base */,
			);
			name = Main.storyboard;
			sourceTree = "<group>";
		};
		7537F0631E8CA2E900197FC1 /* LaunchScreen.storyboard */ = {
			isa = PBXVariantGroup;
			children = (
				7537F0641E8CA2E900197FC1 /* Base */,
			);
			name = LaunchScreen.storyboard;
			sourceTree = "<group>";
		};
/* End PBXVariantGroup section */

/* Begin XCBuildConfiguration section */
		7537F07D1E8CA2E900197FC1 /* Debug */ = {
			isa = XCBuildConfiguration;
			buildSettings = {
				ALWAYS_SEARCH_USER_PATHS = NO;
				CLANG_ANALYZER_NONNULL = YES;
				CLANG_CXX_LANGUAGE_STANDARD = "gnu++0x";
				CLANG_CXX_LIBRARY = "libc++";
				CLANG_ENABLE_MODULES = YES;
				CLANG_ENABLE_OBJC_ARC = YES;
				CLANG_WARN_BOOL_CONVERSION = YES;
				CLANG_WARN_CONSTANT_CONVERSION = YES;
				CLANG_WARN_DIRECT_OBJC_ISA_USAGE = YES_ERROR;
				CLANG_WARN_DOCUMENTATION_COMMENTS = YES;
				CLANG_WARN_EMPTY_BODY = YES;
				CLANG_WARN_ENUM_CONVERSION = YES;
				CLANG_WARN_INFINITE_RECURSION = YES;
				CLANG_WARN_INT_CONVERSION = YES;
				CLANG_WARN_OBJC_ROOT_CLASS = YES_ERROR;
				CLANG_WARN_SUSPICIOUS_MOVES = YES;
				CLANG_WARN_UNREACHABLE_CODE = YES;
				CLANG_WARN__DUPLICATE_METHOD_MATCH = YES;
				"CODE_SIGN_IDENTITY[sdk=iphoneos*]" = "iPhone Developer";
				COPY_PHASE_STRIP = NO;
				DEBUG_INFORMATION_FORMAT = dwarf;
				ENABLE_STRICT_OBJC_MSGSEND = YES;
				ENABLE_TESTABILITY = YES;
				GCC_C_LANGUAGE_STANDARD = gnu99;
				GCC_DYNAMIC_NO_PIC = NO;
				GCC_NO_COMMON_BLOCKS = YES;
				GCC_OPTIMIZATION_LEVEL = 0;
				GCC_PREPROCESSOR_DEFINITIONS = (
					"DEBUG=1",
					"$(inherited)",
				);
				GCC_WARN_64_TO_32_BIT_CONVERSION = YES;
				GCC_WARN_ABOUT_RETURN_TYPE = YES_ERROR;
				GCC_WARN_UNDECLARED_SELECTOR = YES;
				GCC_WARN_UNINITIALIZED_AUTOS = YES_AGGRESSIVE;
				GCC_WARN_UNUSED_FUNCTION = YES;
				GCC_WARN_UNUSED_VARIABLE = YES;
				IPHONEOS_DEPLOYMENT_TARGET = 10.1;
				MTL_ENABLE_DEBUG_INFO = YES;
				ONLY_ACTIVE_ARCH = YES;
				SDKROOT = iphoneos;
				TARGETED_DEVICE_FAMILY = "1,2";
			};
			name = Debug;
		};
		7537F07E1E8CA2E900197FC1 /* Release */ = {
			isa = XCBuildConfiguration;
			buildSettings = {
				ALWAYS_SEARCH_USER_PATHS = NO;
				CLANG_ANALYZER_NONNULL = YES;
				CLANG_CXX_LANGUAGE_STANDARD = "gnu++0x";
				CLANG_CXX_LIBRARY = "libc++";
				CLANG_ENABLE_MODULES = YES;
				CLANG_ENABLE_OBJC_ARC = YES;
				CLANG_WARN_BOOL_CONVERSION = YES;
				CLANG_WARN_CONSTANT_CONVERSION = YES;
				CLANG_WARN_DIRECT_OBJC_ISA_USAGE = YES_ERROR;
				CLANG_WARN_DOCUMENTATION_COMMENTS = YES;
				CLANG_WARN_EMPTY_BODY = YES;
				CLANG_WARN_ENUM_CONVERSION = YES;
				CLANG_WARN_INFINITE_RECURSION = YES;
				CLANG_WARN_INT_CONVERSION = YES;
				CLANG_WARN_OBJC_ROOT_CLASS = YES_ERROR;
				CLANG_WARN_SUSPICIOUS_MOVES = YES;
				CLANG_WARN_UNREACHABLE_CODE = YES;
				CLANG_WARN__DUPLICATE_METHOD_MATCH = YES;
				"CODE_SIGN_IDENTITY[sdk=iphoneos*]" = "iPhone Developer";
				COPY_PHASE_STRIP = NO;
				DEBUG_INFORMATION_FORMAT = "dwarf-with-dsym";
				ENABLE_NS_ASSERTIONS = NO;
				ENABLE_STRICT_OBJC_MSGSEND = YES;
				GCC_C_LANGUAGE_STANDARD = gnu99;
				GCC_NO_COMMON_BLOCKS = YES;
				GCC_WARN_64_TO_32_BIT_CONVERSION = YES;
				GCC_WARN_ABOUT_RETURN_TYPE = YES_ERROR;
				GCC_WARN_UNDECLARED_SELECTOR = YES;
				GCC_WARN_UNINITIALIZED_AUTOS = YES_AGGRESSIVE;
				GCC_WARN_UNUSED_FUNCTION = YES;
				GCC_WARN_UNUSED_VARIABLE = YES;
				IPHONEOS_DEPLOYMENT_TARGET = 10.1;
				MTL_ENABLE_DEBUG_INFO = NO;
				SDKROOT = iphoneos;
				TARGETED_DEVICE_FAMILY = "1,2";
				VALIDATE_PRODUCT = YES;
			};
			name = Release;
		};
		7537F0801E8CA2E900197FC1 /* Debug */ = {
			isa = XCBuildConfiguration;
			baseConfigurationReference = 0F0C9970A4CFEDADC7B2374F /* Pods-XWToolManagerDemo.debug.xcconfig */;
			buildSettings = {
				ASSETCATALOG_COMPILER_APPICON_NAME = AppIcon;
				DEVELOPMENT_TEAM = 65Y8F76Y6Z;
				INFOPLIST_FILE = XWToolManagerDemo/Info.plist;
				LD_RUNPATH_SEARCH_PATHS = "$(inherited) @executable_path/Frameworks";
				PRODUCT_BUNDLE_IDENTIFIER = xw.XWToolManagerDemo;
				PRODUCT_NAME = "$(TARGET_NAME)";
			};
			name = Debug;
		};
		7537F0811E8CA2E900197FC1 /* Release */ = {
			isa = XCBuildConfiguration;
			baseConfigurationReference = 077A308928FE3CC2ABFF9FED /* Pods-XWToolManagerDemo.release.xcconfig */;
			buildSettings = {
				ASSETCATALOG_COMPILER_APPICON_NAME = AppIcon;
				DEVELOPMENT_TEAM = 65Y8F76Y6Z;
				INFOPLIST_FILE = XWToolManagerDemo/Info.plist;
				LD_RUNPATH_SEARCH_PATHS = "$(inherited) @executable_path/Frameworks";
				PRODUCT_BUNDLE_IDENTIFIER = xw.XWToolManagerDemo;
				PRODUCT_NAME = "$(TARGET_NAME)";
			};
			name = Release;
		};
		7537F0831E8CA2E900197FC1 /* Debug */ = {
			isa = XCBuildConfiguration;
			buildSettings = {
				BUNDLE_LOADER = "$(TEST_HOST)";
				DEVELOPMENT_TEAM = 65Y8F76Y6Z;
				INFOPLIST_FILE = XWToolManagerDemoTests/Info.plist;
				LD_RUNPATH_SEARCH_PATHS = "$(inherited) @executable_path/Frameworks @loader_path/Frameworks";
				PRODUCT_BUNDLE_IDENTIFIER = xw.XWToolManagerDemoTests;
				PRODUCT_NAME = "$(TARGET_NAME)";
				TEST_HOST = "$(BUILT_PRODUCTS_DIR)/XWToolManagerDemo.app/XWToolManagerDemo";
			};
			name = Debug;
		};
		7537F0841E8CA2E900197FC1 /* Release */ = {
			isa = XCBuildConfiguration;
			buildSettings = {
				BUNDLE_LOADER = "$(TEST_HOST)";
				DEVELOPMENT_TEAM = 65Y8F76Y6Z;
				INFOPLIST_FILE = XWToolManagerDemoTests/Info.plist;
				LD_RUNPATH_SEARCH_PATHS = "$(inherited) @executable_path/Frameworks @loader_path/Frameworks";
				PRODUCT_BUNDLE_IDENTIFIER = xw.XWToolManagerDemoTests;
				PRODUCT_NAME = "$(TARGET_NAME)";
				TEST_HOST = "$(BUILT_PRODUCTS_DIR)/XWToolManagerDemo.app/XWToolManagerDemo";
			};
			name = Release;
		};
		7537F0861E8CA2E900197FC1 /* Debug */ = {
			isa = XCBuildConfiguration;
			buildSettings = {
				DEVELOPMENT_TEAM = 65Y8F76Y6Z;
				INFOPLIST_FILE = XWToolManagerDemoUITests/Info.plist;
				LD_RUNPATH_SEARCH_PATHS = "$(inherited) @executable_path/Frameworks @loader_path/Frameworks";
				PRODUCT_BUNDLE_IDENTIFIER = xw.XWToolManagerDemoUITests;
				PRODUCT_NAME = "$(TARGET_NAME)";
				TEST_TARGET_NAME = XWToolManagerDemo;
			};
			name = Debug;
		};
		7537F0871E8CA2E900197FC1 /* Release */ = {
			isa = XCBuildConfiguration;
			buildSettings = {
				DEVELOPMENT_TEAM = 65Y8F76Y6Z;
				INFOPLIST_FILE = XWToolManagerDemoUITests/Info.plist;
				LD_RUNPATH_SEARCH_PATHS = "$(inherited) @executable_path/Frameworks @loader_path/Frameworks";
				PRODUCT_BUNDLE_IDENTIFIER = xw.XWToolManagerDemoUITests;
				PRODUCT_NAME = "$(TARGET_NAME)";
				TEST_TARGET_NAME = XWToolManagerDemo;
			};
			name = Release;
		};
/* End XCBuildConfiguration section */

/* Begin XCConfigurationList section */
		7537F04D1E8CA2E900197FC1 /* Build configuration list for PBXProject "XWToolManagerDemo" */ = {
			isa = XCConfigurationList;
			buildConfigurations = (
				7537F07D1E8CA2E900197FC1 /* Debug */,
				7537F07E1E8CA2E900197FC1 /* Release */,
			);
			defaultConfigurationIsVisible = 0;
			defaultConfigurationName = Release;
		};
		7537F07F1E8CA2E900197FC1 /* Build configuration list for PBXNativeTarget "XWToolManagerDemo" */ = {
			isa = XCConfigurationList;
			buildConfigurations = (
				7537F0801E8CA2E900197FC1 /* Debug */,
				7537F0811E8CA2E900197FC1 /* Release */,
			);
			defaultConfigurationIsVisible = 0;
			defaultConfigurationName = Release;
		};
		7537F0821E8CA2E900197FC1 /* Build configuration list for PBXNativeTarget "XWToolManagerDemoTests" */ = {
			isa = XCConfigurationList;
			buildConfigurations = (
				7537F0831E8CA2E900197FC1 /* Debug */,
				7537F0841E8CA2E900197FC1 /* Release */,
			);
			defaultConfigurationIsVisible = 0;
			defaultConfigurationName = Release;
		};
		7537F0851E8CA2E900197FC1 /* Build configuration list for PBXNativeTarget "XWToolManagerDemoUITests" */ = {
			isa = XCConfigurationList;
			buildConfigurations = (
				7537F0861E8CA2E900197FC1 /* Debug */,
				7537F0871E8CA2E900197FC1 /* Release */,
			);
			defaultConfigurationIsVisible = 0;
			defaultConfigurationName = Release;
		};
/* End XCConfigurationList section */
	};
	rootObject = 7537F04A1E8CA2E900197FC1 /* Project object */;
}
